
Microsoft Visual Studio Solution File, Format Version 12.00
# Visual Studio Version 16
VisualStudioVersion = 16.0.30523.141
MinimumVisualStudioVersion = 10.0.40219.1
Project("{FAE04EC0-301F-11D3-BF4B-00C04F79EFBC}") = "TryCatchFinally", "TryCatchFinally\TryCatchFinally.csproj", "{8014828D-E323-4465-A2EC-5624732C5C33}"
EndProject
Global
	GlobalSection(SolutionConfigurationPlatforms) = preSolution
		Debug|Any CPU = Debug|Any CPU
		Release|Any CPU = Release|Any CPU
	EndGlobalSection
	GlobalSection(ProjectConfigurationPlatforms) = postSolution
		{8014828D-E323-4465-A2EC-5624732C5C33}.Debug|Any CPU.ActiveCfg = Debug|Any CPU
		{8014828D-E323-4465-A2EC-5624732C5C33}.Debug|Any CPU.Build.0 = Debug|Any CPU
		{8014828D-E323-4465-A2EC-5624732C5C33}.Release|Any CPU.ActiveCfg = Release|Any CPU
		{8014828D-E323-4465-A2EC-5624732C5C33}.Release|Any CPU.Build.0 = Release|Any CPU
	EndGlobalSection
	GlobalSection(SolutionProperties) = preSolution
		HideSolutionNode = FALSE
	EndGlobalSection
	GlobalSection(ExtensibilityGlobals) = postSolution
		SolutionGuid = {ACA81741-E64F-408B-BA71-D8DB6425F853}
	EndGlobalSection
EndGlobal
